
Microsoft Visual Studio Solution File, Format Version 12.00
# Visual Studio Version 17
VisualStudioVersion = 17.9.34714.143
MinimumVisualStudioVersion = 10.0.40219.1
Project("{FAE04EC0-301F-11D3-BF4B-00C04F79EFBC}") = "RoomStyle", "RoomStyle\RoomStyle.csproj", "{5E9A3494-1C15-40A5-854E-9C812C090D93}"
EndProject
Global
	GlobalSection(SolutionConfigurationPlatforms) = preSolution
		Debug|Any CPU = Debug|Any CPU
		Release|Any CPU = Release|Any CPU
	EndGlobalSection
	GlobalSection(ProjectConfigurationPlatforms) = postSolution
		{5E9A3494-1C15-40A5-854E-9C812C090D93}.Debug|Any CPU.ActiveCfg = Debug|Any CPU
		{5E9A3494-1C15-40A5-854E-9C812C090D93}.Debug|Any CPU.Build.0 = Debug|Any CPU
		{5E9A3494-1C15-40A5-854E-9C812C090D93}.Release|Any CPU.ActiveCfg = Release|Any CPU
		{5E9A3494-1C15-40A5-854E-9C812C090D93}.Release|Any CPU.Build.0 = Release|Any CPU
	EndGlobalSection
	GlobalSection(SolutionProperties) = preSolution
		HideSolutionNode = FALSE
	EndGlobalSection
	GlobalSection(ExtensibilityGlobals) = postSolution
		SolutionGuid = {AFB46B86-4481-4532-9B3A-9A093DE5B8D0}
	EndGlobalSection
EndGlobal
